// !$*UTF8*$!
{
	archiveVersion = 1;
	classes = {
	};
	objectVersion = 51;
	objects = {

/* Begin PBXBuildFile section */
		5880D37C22B4928700F40959 /* FirebaseCore.framework in Frameworks */ = {isa = PBXBuildFile; fileRef = 5880D37B22B4928700F40959 /* FirebaseCore.framework */; };
		589460D522852E9500319032 /* AppDelegate.swift in Sources */ = {isa = PBXBuildFile; fileRef = 589460D422852E9500319032 /* AppDelegate.swift */; };
		589460D722852E9500319032 /* TopVC.swift in Sources */ = {isa = PBXBuildFile; fileRef = 589460D622852E9500319032 /* TopVC.swift */; };
		589460DC22852E9500319032 /* Assets.xcassets in Resources */ = {isa = PBXBuildFile; fileRef = 589460DB22852E9500319032 /* Assets.xcassets */; };
		589460EB2285367300319032 /* Top.storyboard in Resources */ = {isa = PBXBuildFile; fileRef = 589460EA2285367300319032 /* Top.storyboard */; };
		589460F122855AAE00319032 /* CreateGroupVC.swift in Sources */ = {isa = PBXBuildFile; fileRef = 589460F022855AAE00319032 /* CreateGroupVC.swift */; };
		589460F522855D9F00319032 /* SearchGroupVC.swift in Sources */ = {isa = PBXBuildFile; fileRef = 589460F422855D9F00319032 /* SearchGroupVC.swift */; };
		589460F722867A4800319032 /* FirebaseManager.swift in Sources */ = {isa = PBXBuildFile; fileRef = 589460F622867A4800319032 /* FirebaseManager.swift */; };
		ABB34FFD4B8DD80A5EAA9C01 /* Pods_Otofuda_iOS.framework in Frameworks */ = {isa = PBXBuildFile; fileRef = 4F973746A2B06067E4EA3ABB /* Pods_Otofuda_iOS.framework */; };
		F3225EF42330AAFF00D9BD79 /* MenuVC+UITableDelegate.swift in Sources */ = {isa = PBXBuildFile; fileRef = F3225EF32330AAFF00D9BD79 /* MenuVC+UITableDelegate.swift */; };
		F3225EF62330AB2800D9BD79 /* MenuVC+UITableDataSource.swift in Sources */ = {isa = PBXBuildFile; fileRef = F3225EF52330AB2800D9BD79 /* MenuVC+UITableDataSource.swift */; };
		F3225EF82330AC4100D9BD79 /* SelectMusicTableCell.xib in Resources */ = {isa = PBXBuildFile; fileRef = F3225EF72330AC4100D9BD79 /* SelectMusicTableCell.xib */; };
		F3225EFA2330ACFD00D9BD79 /* SelectMusicTableCell.swift in Sources */ = {isa = PBXBuildFile; fileRef = F3225EF92330ACFD00D9BD79 /* SelectMusicTableCell.swift */; };
		F3225EFD2330AFCA00D9BD79 /* iTunesAPIModel.swift in Sources */ = {isa = PBXBuildFile; fileRef = F3225EFB2330AFCA00D9BD79 /* iTunesAPIModel.swift */; };
		F3225EFE2330AFCA00D9BD79 /* iTunesRSSModel.swift in Sources */ = {isa = PBXBuildFile; fileRef = F3225EFC2330AFCA00D9BD79 /* iTunesRSSModel.swift */; };
		F3225F042330AFE300D9BD79 /* iTunesPickerVC+UICollectionViewDelegateFlowLayout.swift in Sources */ = {isa = PBXBuildFile; fileRef = F3225F002330AFE200D9BD79 /* iTunesPickerVC+UICollectionViewDelegateFlowLayout.swift */; };
		F3225F052330AFE300D9BD79 /* iTunesPickerVC.swift in Sources */ = {isa = PBXBuildFile; fileRef = F3225F012330AFE300D9BD79 /* iTunesPickerVC.swift */; };
		F3225F062330AFE300D9BD79 /* iTunesPickerVC+Datasource.swift in Sources */ = {isa = PBXBuildFile; fileRef = F3225F022330AFE300D9BD79 /* iTunesPickerVC+Datasource.swift */; };
		F3225F072330AFE300D9BD79 /* iTunesPicker+UISearchBarDelegate.swift in Sources */ = {isa = PBXBuildFile; fileRef = F3225F032330AFE300D9BD79 /* iTunesPicker+UISearchBarDelegate.swift */; };
		F3225F092330AFF300D9BD79 /* iTunesPicker.storyboard in Resources */ = {isa = PBXBuildFile; fileRef = F3225F082330AFF200D9BD79 /* iTunesPicker.storyboard */; };
		F3225F0C2330B01D00D9BD79 /* SearchResultCell.swift in Sources */ = {isa = PBXBuildFile; fileRef = F3225F0A2330B01D00D9BD79 /* SearchResultCell.swift */; };
		F3225F0D2330B01D00D9BD79 /* SearchResultCell.xib in Resources */ = {isa = PBXBuildFile; fileRef = F3225F0B2330B01D00D9BD79 /* SearchResultCell.xib */; };
		F3225F132330B25400D9BD79 /* Alamofire.framework in Frameworks */ = {isa = PBXBuildFile; fileRef = F3225F0E2330B25400D9BD79 /* Alamofire.framework */; };
		F3225F142330B25400D9BD79 /* SwiftyJSON.framework in Frameworks */ = {isa = PBXBuildFile; fileRef = F3225F0F2330B25400D9BD79 /* SwiftyJSON.framework */; };
		F3225F152330B25400D9BD79 /* PromiseKit.framework in Frameworks */ = {isa = PBXBuildFile; fileRef = F3225F102330B25400D9BD79 /* PromiseKit.framework */; };
		F3225F162330B25400D9BD79 /* ObjectMapper.framework in Frameworks */ = {isa = PBXBuildFile; fileRef = F3225F112330B25400D9BD79 /* ObjectMapper.framework */; };
		F3225F172330B25400D9BD79 /* AlamofireImage.framework in Frameworks */ = {isa = PBXBuildFile; fileRef = F3225F122330B25400D9BD79 /* AlamofireImage.framework */; };
		F32B91A923320BF80031B062 /* tap_fuda.caf in Resources */ = {isa = PBXBuildFile; fileRef = F32B91A823320BF80031B062 /* tap_fuda.caf */; };
		F32B91AC233231FD0031B062 /* ResultVC.swift in Sources */ = {isa = PBXBuildFile; fileRef = F32B91AB233231FD0031B062 /* ResultVC.swift */; };
		F32B91AE233232660031B062 /* ResultVC+UICollectionDelegate.swift in Sources */ = {isa = PBXBuildFile; fileRef = F32B91AD233232660031B062 /* ResultVC+UICollectionDelegate.swift */; };
		F32B91B0233232730031B062 /* ResultVC+UICollectionDataSource.swift in Sources */ = {isa = PBXBuildFile; fileRef = F32B91AF233232730031B062 /* ResultVC+UICollectionDataSource.swift */; };
		F32B91B2233233C00031B062 /* Result.storyboard in Resources */ = {isa = PBXBuildFile; fileRef = F32B91B1233233C00031B062 /* Result.storyboard */; };
		F32B91B4233235190031B062 /* ResultTableCell.xib in Resources */ = {isa = PBXBuildFile; fileRef = F32B91B3233235190031B062 /* ResultTableCell.xib */; };
		F32B91B6233235900031B062 /* ResultTableCell.swift in Sources */ = {isa = PBXBuildFile; fileRef = F32B91B5233235900031B062 /* ResultTableCell.swift */; };
		F32B91BA2332434B0031B062 /* ResultVC+Ex.swift in Sources */ = {isa = PBXBuildFile; fileRef = F32B91B92332434B0031B062 /* ResultVC+Ex.swift */; };
		F32B91BC23328B150031B062 /* IBDesignableButton.swift in Sources */ = {isa = PBXBuildFile; fileRef = F32B91BB23328B150031B062 /* IBDesignableButton.swift */; };
		F32B91F8233298FD0031B062 /* IBDesignableSegumentControl.swift in Sources */ = {isa = PBXBuildFile; fileRef = F32B91F7233298FD0031B062 /* IBDesignableSegumentControl.swift */; };
		F32B91FA233299CC0031B062 /* IBDesignableTableView.swift in Sources */ = {isa = PBXBuildFile; fileRef = F32B91F9233299CC0031B062 /* IBDesignableTableView.swift */; };
		F32B91FC23329A5C0031B062 /* IBDesignableView.swift in Sources */ = {isa = PBXBuildFile; fileRef = F32B91FB23329A5C0031B062 /* IBDesignableView.swift */; };
		F3C21BB4232F6D8D00546D5B /* GoogleService-Info.plist in Resources */ = {isa = PBXBuildFile; fileRef = F3C21BB3232F6D8D00546D5B /* GoogleService-Info.plist */; };
		F3C21BB7232F703C00546D5B /* String+Ex.swift in Sources */ = {isa = PBXBuildFile; fileRef = F3C21BB6232F703C00546D5B /* String+Ex.swift */; };
		F3C21BB9232F711300546D5B /* UIImage+Ex.swift in Sources */ = {isa = PBXBuildFile; fileRef = F3C21BB8232F711300546D5B /* UIImage+Ex.swift */; };
		F3C21BBB232F738F00546D5B /* SearchGropuVC+Ex.swift in Sources */ = {isa = PBXBuildFile; fileRef = F3C21BBA232F738F00546D5B /* SearchGropuVC+Ex.swift */; };
		F3C21BBD232F73E400546D5B /* SearchGroupVC+AVCaptureDelegate.swift in Sources */ = {isa = PBXBuildFile; fileRef = F3C21BBC232F73E400546D5B /* SearchGroupVC+AVCaptureDelegate.swift */; };
		F3C21BC0232F809100546D5B /* Room.swift in Sources */ = {isa = PBXBuildFile; fileRef = F3C21BBF232F809100546D5B /* Room.swift */; };
		F3C21BC2232F80EF00546D5B /* User.swift in Sources */ = {isa = PBXBuildFile; fileRef = F3C21BC1232F80EF00546D5B /* User.swift */; };
		F3C21BC4232F9C4F00546D5B /* Music.swift in Sources */ = {isa = PBXBuildFile; fileRef = F3C21BC3232F9C4F00546D5B /* Music.swift */; };
		F3E25FD0232F9E5200134769 /* PlayVC.swift in Sources */ = {isa = PBXBuildFile; fileRef = F3E25FCF232F9E5200134769 /* PlayVC.swift */; };
		F3E25FD2232F9F5700134769 /* PlayVC+UICollectionDelegate.swift in Sources */ = {isa = PBXBuildFile; fileRef = F3E25FD1232F9F5700134769 /* PlayVC+UICollectionDelegate.swift */; };
		F3E25FD4232F9F6600134769 /* PlayVC+UICollectionDataSource.swift in Sources */ = {isa = PBXBuildFile; fileRef = F3E25FD3232F9F6600134769 /* PlayVC+UICollectionDataSource.swift */; };
		F3E25FD6232F9FD400134769 /* Play.storyboard in Resources */ = {isa = PBXBuildFile; fileRef = F3E25FD5232F9FD400134769 /* Play.storyboard */; };
		F3E25FDB232F9FF800134769 /* Menu.storyboard in Resources */ = {isa = PBXBuildFile; fileRef = F3E25FDA232F9FF800134769 /* Menu.storyboard */; };
		F3E25FDD232FA00D00134769 /* MenuVC.swift in Sources */ = {isa = PBXBuildFile; fileRef = F3E25FDC232FA00D00134769 /* MenuVC.swift */; };
		F3E25FE02330853900134769 /* UICollection+Ex.swift in Sources */ = {isa = PBXBuildFile; fileRef = F3E25FDF2330853900134769 /* UICollection+Ex.swift */; };
		F3E25FE22330854D00134769 /* NSObject+Ex.swift in Sources */ = {isa = PBXBuildFile; fileRef = F3E25FE12330854D00134769 /* NSObject+Ex.swift */; };
		F3E25FE42330856300134769 /* UITable+Ex.swift in Sources */ = {isa = PBXBuildFile; fileRef = F3E25FE32330856300134769 /* UITable+Ex.swift */; };
		F3E25FE6233085B600134769 /* FudaCollectionCell.xib in Resources */ = {isa = PBXBuildFile; fileRef = F3E25FE5233085B600134769 /* FudaCollectionCell.xib */; };
		F3E25FE8233085DF00134769 /* FudaCollectionCell.swift in Sources */ = {isa = PBXBuildFile; fileRef = F3E25FE7233085DF00134769 /* FudaCollectionCell.swift */; };
		F3E25FEA2330874300134769 /* PlayVC+UICollectionLayout.swift in Sources */ = {isa = PBXBuildFile; fileRef = F3E25FE92330874300134769 /* PlayVC+UICollectionLayout.swift */; };
		F3E25FEC2330891600134769 /* PlayVC+Ex.swift in Sources */ = {isa = PBXBuildFile; fileRef = F3E25FEB2330891600134769 /* PlayVC+Ex.swift */; };
		F3E25FEE233090EC00134769 /* MPMediaPlayer+Ex.swift in Sources */ = {isa = PBXBuildFile; fileRef = F3E25FED233090EC00134769 /* MPMediaPlayer+Ex.swift */; };
		F3E25FF0233096C500134769 /* MenuVC+MPMediaPickerDelegate.swift in Sources */ = {isa = PBXBuildFile; fileRef = F3E25FEF233096C500134769 /* MenuVC+MPMediaPickerDelegate.swift */; };
		F3E25FF22330986000134769 /* MPMediaItem+Ex.swift in Sources */ = {isa = PBXBuildFile; fileRef = F3E25FF12330986000134769 /* MPMediaItem+Ex.swift */; };
		F3E25FF42330997F00134769 /* MPMediaItemCollection+Ex.swift in Sources */ = {isa = PBXBuildFile; fileRef = F3E25FF32330997F00134769 /* MPMediaItemCollection+Ex.swift */; };
/* End PBXBuildFile section */

/* Begin PBXCopyFilesBuildPhase section */
		F3225F182330B26200D9BD79 /* CopyFiles */ = {
			isa = PBXCopyFilesBuildPhase;
			buildActionMask = 2147483647;
			dstPath = "";
			dstSubfolderSpec = 7;
			files = (
			);
			runOnlyForDeploymentPostprocessing = 0;
		};
/* End PBXCopyFilesBuildPhase section */

/* Begin PBXFileReference section */
		03555C36D7B3F6240EE0182C /* Pods-Otofuda-iOS.release.xcconfig */ = {isa = PBXFileReference; includeInIndex = 1; lastKnownFileType = text.xcconfig; name = "Pods-Otofuda-iOS.release.xcconfig"; path = "Target Support Files/Pods-Otofuda-iOS/Pods-Otofuda-iOS.release.xcconfig"; sourceTree = "<group>"; };
		1950F3B136AEAAC0B3CE5024 /* Pods-Otofuda-iOS.debug.xcconfig */ = {isa = PBXFileReference; includeInIndex = 1; lastKnownFileType = text.xcconfig; name = "Pods-Otofuda-iOS.debug.xcconfig"; path = "Target Support Files/Pods-Otofuda-iOS/Pods-Otofuda-iOS.debug.xcconfig"; sourceTree = "<group>"; };
		39D95D0D2EA417A05FCACEDE /* Pods-Otofuda-iOS.debug.xcconfig */ = {isa = PBXFileReference; includeInIndex = 1; lastKnownFileType = text.xcconfig; name = "Pods-Otofuda-iOS.debug.xcconfig"; path = "Pods/Target Support Files/Pods-Otofuda-iOS/Pods-Otofuda-iOS.debug.xcconfig"; sourceTree = "<group>"; };
		404A2813DE2749B4D0EED308 /* Pods-Otofuda-iOS.release.xcconfig */ = {isa = PBXFileReference; includeInIndex = 1; lastKnownFileType = text.xcconfig; name = "Pods-Otofuda-iOS.release.xcconfig"; path = "Pods/Target Support Files/Pods-Otofuda-iOS/Pods-Otofuda-iOS.release.xcconfig"; sourceTree = "<group>"; };
		4F973746A2B06067E4EA3ABB /* Pods_Otofuda_iOS.framework */ = {isa = PBXFileReference; explicitFileType = wrapper.framework; includeInIndex = 0; path = Pods_Otofuda_iOS.framework; sourceTree = BUILT_PRODUCTS_DIR; };
		5880D37B22B4928700F40959 /* FirebaseCore.framework */ = {isa = PBXFileReference; explicitFileType = wrapper.framework; path = FirebaseCore.framework; sourceTree = BUILT_PRODUCTS_DIR; };
		589460D122852E9500319032 /* Otofuda-iOS.app */ = {isa = PBXFileReference; explicitFileType = wrapper.application; includeInIndex = 0; path = "Otofuda-iOS.app"; sourceTree = BUILT_PRODUCTS_DIR; };
		589460D422852E9500319032 /* AppDelegate.swift */ = {isa = PBXFileReference; lastKnownFileType = sourcecode.swift; path = AppDelegate.swift; sourceTree = "<group>"; };
		589460D622852E9500319032 /* TopVC.swift */ = {isa = PBXFileReference; lastKnownFileType = sourcecode.swift; path = TopVC.swift; sourceTree = "<group>"; };
		589460DB22852E9500319032 /* Assets.xcassets */ = {isa = PBXFileReference; lastKnownFileType = folder.assetcatalog; path = Assets.xcassets; sourceTree = "<group>"; };
		589460E022852E9500319032 /* Info.plist */ = {isa = PBXFileReference; lastKnownFileType = text.plist.xml; path = Info.plist; sourceTree = "<group>"; };
		589460EA2285367300319032 /* Top.storyboard */ = {isa = PBXFileReference; lastKnownFileType = file.storyboard; path = Top.storyboard; sourceTree = "<group>"; };
		589460F022855AAE00319032 /* CreateGroupVC.swift */ = {isa = PBXFileReference; lastKnownFileType = sourcecode.swift; path = CreateGroupVC.swift; sourceTree = "<group>"; };
		589460F422855D9F00319032 /* SearchGroupVC.swift */ = {isa = PBXFileReference; lastKnownFileType = sourcecode.swift; path = SearchGroupVC.swift; sourceTree = "<group>"; };
		589460F622867A4800319032 /* FirebaseManager.swift */ = {isa = PBXFileReference; lastKnownFileType = sourcecode.swift; path = FirebaseManager.swift; sourceTree = "<group>"; };
		F3225EF32330AAFF00D9BD79 /* MenuVC+UITableDelegate.swift */ = {isa = PBXFileReference; lastKnownFileType = sourcecode.swift; path = "MenuVC+UITableDelegate.swift"; sourceTree = "<group>"; };
		F3225EF52330AB2800D9BD79 /* MenuVC+UITableDataSource.swift */ = {isa = PBXFileReference; lastKnownFileType = sourcecode.swift; path = "MenuVC+UITableDataSource.swift"; sourceTree = "<group>"; };
		F3225EF72330AC4100D9BD79 /* SelectMusicTableCell.xib */ = {isa = PBXFileReference; lastKnownFileType = file.xib; path = SelectMusicTableCell.xib; sourceTree = "<group>"; };
		F3225EF92330ACFD00D9BD79 /* SelectMusicTableCell.swift */ = {isa = PBXFileReference; lastKnownFileType = sourcecode.swift; path = SelectMusicTableCell.swift; sourceTree = "<group>"; };
		F3225EFB2330AFCA00D9BD79 /* iTunesAPIModel.swift */ = {isa = PBXFileReference; fileEncoding = 4; lastKnownFileType = sourcecode.swift; path = iTunesAPIModel.swift; sourceTree = "<group>"; };
		F3225EFC2330AFCA00D9BD79 /* iTunesRSSModel.swift */ = {isa = PBXFileReference; fileEncoding = 4; lastKnownFileType = sourcecode.swift; path = iTunesRSSModel.swift; sourceTree = "<group>"; };
		F3225F002330AFE200D9BD79 /* iTunesPickerVC+UICollectionViewDelegateFlowLayout.swift */ = {isa = PBXFileReference; fileEncoding = 4; lastKnownFileType = sourcecode.swift; path = "iTunesPickerVC+UICollectionViewDelegateFlowLayout.swift"; sourceTree = "<group>"; };
		F3225F012330AFE300D9BD79 /* iTunesPickerVC.swift */ = {isa = PBXFileReference; fileEncoding = 4; lastKnownFileType = sourcecode.swift; path = iTunesPickerVC.swift; sourceTree = "<group>"; };
		F3225F022330AFE300D9BD79 /* iTunesPickerVC+Datasource.swift */ = {isa = PBXFileReference; fileEncoding = 4; lastKnownFileType = sourcecode.swift; path = "iTunesPickerVC+Datasource.swift"; sourceTree = "<group>"; };
		F3225F032330AFE300D9BD79 /* iTunesPicker+UISearchBarDelegate.swift */ = {isa = PBXFileReference; fileEncoding = 4; lastKnownFileType = sourcecode.swift; path = "iTunesPicker+UISearchBarDelegate.swift"; sourceTree = "<group>"; };
		F3225F082330AFF200D9BD79 /* iTunesPicker.storyboard */ = {isa = PBXFileReference; fileEncoding = 4; lastKnownFileType = file.storyboard; path = iTunesPicker.storyboard; sourceTree = "<group>"; };
		F3225F0A2330B01D00D9BD79 /* SearchResultCell.swift */ = {isa = PBXFileReference; fileEncoding = 4; lastKnownFileType = sourcecode.swift; path = SearchResultCell.swift; sourceTree = "<group>"; };
		F3225F0B2330B01D00D9BD79 /* SearchResultCell.xib */ = {isa = PBXFileReference; fileEncoding = 4; lastKnownFileType = file.xib; path = SearchResultCell.xib; sourceTree = "<group>"; };
		F3225F0E2330B25400D9BD79 /* Alamofire.framework */ = {isa = PBXFileReference; lastKnownFileType = wrapper.framework; name = Alamofire.framework; path = Carthage/Build/iOS/Alamofire.framework; sourceTree = "<group>"; };
		F3225F0F2330B25400D9BD79 /* SwiftyJSON.framework */ = {isa = PBXFileReference; lastKnownFileType = wrapper.framework; name = SwiftyJSON.framework; path = Carthage/Build/iOS/SwiftyJSON.framework; sourceTree = "<group>"; };
		F3225F102330B25400D9BD79 /* PromiseKit.framework */ = {isa = PBXFileReference; lastKnownFileType = wrapper.framework; name = PromiseKit.framework; path = Carthage/Build/iOS/PromiseKit.framework; sourceTree = "<group>"; };
		F3225F112330B25400D9BD79 /* ObjectMapper.framework */ = {isa = PBXFileReference; lastKnownFileType = wrapper.framework; name = ObjectMapper.framework; path = Carthage/Build/iOS/ObjectMapper.framework; sourceTree = "<group>"; };
		F3225F122330B25400D9BD79 /* AlamofireImage.framework */ = {isa = PBXFileReference; lastKnownFileType = wrapper.framework; name = AlamofireImage.framework; path = Carthage/Build/iOS/AlamofireImage.framework; sourceTree = "<group>"; };
		F32B91A823320BF80031B062 /* tap_fuda.caf */ = {isa = PBXFileReference; lastKnownFileType = file; path = tap_fuda.caf; sourceTree = "<group>"; };
		F32B91AB233231FD0031B062 /* ResultVC.swift */ = {isa = PBXFileReference; lastKnownFileType = sourcecode.swift; path = ResultVC.swift; sourceTree = "<group>"; };
		F32B91AD233232660031B062 /* ResultVC+UICollectionDelegate.swift */ = {isa = PBXFileReference; lastKnownFileType = sourcecode.swift; path = "ResultVC+UICollectionDelegate.swift"; sourceTree = "<group>"; };
		F32B91AF233232730031B062 /* ResultVC+UICollectionDataSource.swift */ = {isa = PBXFileReference; lastKnownFileType = sourcecode.swift; path = "ResultVC+UICollectionDataSource.swift"; sourceTree = "<group>"; };
		F32B91B1233233C00031B062 /* Result.storyboard */ = {isa = PBXFileReference; lastKnownFileType = file.storyboard; path = Result.storyboard; sourceTree = "<group>"; };
		F32B91B3233235190031B062 /* ResultTableCell.xib */ = {isa = PBXFileReference; lastKnownFileType = file.xib; path = ResultTableCell.xib; sourceTree = "<group>"; };
		F32B91B5233235900031B062 /* ResultTableCell.swift */ = {isa = PBXFileReference; lastKnownFileType = sourcecode.swift; path = ResultTableCell.swift; sourceTree = "<group>"; };
		F32B91B92332434B0031B062 /* ResultVC+Ex.swift */ = {isa = PBXFileReference; lastKnownFileType = sourcecode.swift; path = "ResultVC+Ex.swift"; sourceTree = "<group>"; };
		F32B91BB23328B150031B062 /* IBDesignableButton.swift */ = {isa = PBXFileReference; lastKnownFileType = sourcecode.swift; path = IBDesignableButton.swift; sourceTree = "<group>"; };
		F32B91F7233298FD0031B062 /* IBDesignableSegumentControl.swift */ = {isa = PBXFileReference; lastKnownFileType = sourcecode.swift; path = IBDesignableSegumentControl.swift; sourceTree = "<group>"; };
		F32B91F9233299CC0031B062 /* IBDesignableTableView.swift */ = {isa = PBXFileReference; lastKnownFileType = sourcecode.swift; path = IBDesignableTableView.swift; sourceTree = "<group>"; };
		F32B91FB23329A5C0031B062 /* IBDesignableView.swift */ = {isa = PBXFileReference; lastKnownFileType = sourcecode.swift; path = IBDesignableView.swift; sourceTree = "<group>"; };
		F3C21BB3232F6D8D00546D5B /* GoogleService-Info.plist */ = {isa = PBXFileReference; fileEncoding = 4; lastKnownFileType = text.plist.xml; path = "GoogleService-Info.plist"; sourceTree = "<group>"; };
		F3C21BB6232F703C00546D5B /* String+Ex.swift */ = {isa = PBXFileReference; lastKnownFileType = sourcecode.swift; path = "String+Ex.swift"; sourceTree = "<group>"; };
		F3C21BB8232F711300546D5B /* UIImage+Ex.swift */ = {isa = PBXFileReference; lastKnownFileType = sourcecode.swift; path = "UIImage+Ex.swift"; sourceTree = "<group>"; };
		F3C21BBA232F738F00546D5B /* SearchGropuVC+Ex.swift */ = {isa = PBXFileReference; lastKnownFileType = sourcecode.swift; path = "SearchGropuVC+Ex.swift"; sourceTree = "<group>"; };
		F3C21BBC232F73E400546D5B /* SearchGroupVC+AVCaptureDelegate.swift */ = {isa = PBXFileReference; lastKnownFileType = sourcecode.swift; path = "SearchGroupVC+AVCaptureDelegate.swift"; sourceTree = "<group>"; };
		F3C21BBF232F809100546D5B /* Room.swift */ = {isa = PBXFileReference; lastKnownFileType = sourcecode.swift; path = Room.swift; sourceTree = "<group>"; };
		F3C21BC1232F80EF00546D5B /* User.swift */ = {isa = PBXFileReference; lastKnownFileType = sourcecode.swift; path = User.swift; sourceTree = "<group>"; };
		F3C21BC3232F9C4F00546D5B /* Music.swift */ = {isa = PBXFileReference; lastKnownFileType = sourcecode.swift; path = Music.swift; sourceTree = "<group>"; };
		F3E25FCF232F9E5200134769 /* PlayVC.swift */ = {isa = PBXFileReference; lastKnownFileType = sourcecode.swift; path = PlayVC.swift; sourceTree = "<group>"; };
		F3E25FD1232F9F5700134769 /* PlayVC+UICollectionDelegate.swift */ = {isa = PBXFileReference; lastKnownFileType = sourcecode.swift; path = "PlayVC+UICollectionDelegate.swift"; sourceTree = "<group>"; };
		F3E25FD3232F9F6600134769 /* PlayVC+UICollectionDataSource.swift */ = {isa = PBXFileReference; lastKnownFileType = sourcecode.swift; path = "PlayVC+UICollectionDataSource.swift"; sourceTree = "<group>"; };
		F3E25FD5232F9FD400134769 /* Play.storyboard */ = {isa = PBXFileReference; lastKnownFileType = file.storyboard; name = Play.storyboard; path = "Otofuda-iOS/src/Main/Play/Play.storyboard"; sourceTree = SOURCE_ROOT; };
		F3E25FDA232F9FF800134769 /* Menu.storyboard */ = {isa = PBXFileReference; lastKnownFileType = file.storyboard; path = Menu.storyboard; sourceTree = "<group>"; };
		F3E25FDC232FA00D00134769 /* MenuVC.swift */ = {isa = PBXFileReference; lastKnownFileType = sourcecode.swift; path = MenuVC.swift; sourceTree = "<group>"; };
		F3E25FDF2330853900134769 /* UICollection+Ex.swift */ = {isa = PBXFileReference; lastKnownFileType = sourcecode.swift; path = "UICollection+Ex.swift"; sourceTree = "<group>"; };
		F3E25FE12330854D00134769 /* NSObject+Ex.swift */ = {isa = PBXFileReference; lastKnownFileType = sourcecode.swift; path = "NSObject+Ex.swift"; sourceTree = "<group>"; };
		F3E25FE32330856300134769 /* UITable+Ex.swift */ = {isa = PBXFileReference; lastKnownFileType = sourcecode.swift; path = "UITable+Ex.swift"; sourceTree = "<group>"; };
		F3E25FE5233085B600134769 /* FudaCollectionCell.xib */ = {isa = PBXFileReference; lastKnownFileType = file.xib; path = FudaCollectionCell.xib; sourceTree = "<group>"; };
		F3E25FE7233085DF00134769 /* FudaCollectionCell.swift */ = {isa = PBXFileReference; lastKnownFileType = sourcecode.swift; path = FudaCollectionCell.swift; sourceTree = "<group>"; };
		F3E25FE92330874300134769 /* PlayVC+UICollectionLayout.swift */ = {isa = PBXFileReference; lastKnownFileType = sourcecode.swift; path = "PlayVC+UICollectionLayout.swift"; sourceTree = "<group>"; };
		F3E25FEB2330891600134769 /* PlayVC+Ex.swift */ = {isa = PBXFileReference; lastKnownFileType = sourcecode.swift; path = "PlayVC+Ex.swift"; sourceTree = "<group>"; };
		F3E25FED233090EC00134769 /* MPMediaPlayer+Ex.swift */ = {isa = PBXFileReference; lastKnownFileType = sourcecode.swift; path = "MPMediaPlayer+Ex.swift"; sourceTree = "<group>"; };
		F3E25FEF233096C500134769 /* MenuVC+MPMediaPickerDelegate.swift */ = {isa = PBXFileReference; lastKnownFileType = sourcecode.swift; path = "MenuVC+MPMediaPickerDelegate.swift"; sourceTree = "<group>"; };
		F3E25FF12330986000134769 /* MPMediaItem+Ex.swift */ = {isa = PBXFileReference; lastKnownFileType = sourcecode.swift; path = "MPMediaItem+Ex.swift"; sourceTree = "<group>"; };
		F3E25FF32330997F00134769 /* MPMediaItemCollection+Ex.swift */ = {isa = PBXFileReference; lastKnownFileType = sourcecode.swift; path = "MPMediaItemCollection+Ex.swift"; sourceTree = "<group>"; };
/* End PBXFileReference section */

/* Begin PBXFrameworksBuildPhase section */
		589460CE22852E9500319032 /* Frameworks */ = {
			isa = PBXFrameworksBuildPhase;
			buildActionMask = 2147483647;
			files = (
				F3225F132330B25400D9BD79 /* Alamofire.framework in Frameworks */,
				F3225F142330B25400D9BD79 /* SwiftyJSON.framework in Frameworks */,
				F3225F152330B25400D9BD79 /* PromiseKit.framework in Frameworks */,
				F3225F162330B25400D9BD79 /* ObjectMapper.framework in Frameworks */,
				F3225F172330B25400D9BD79 /* AlamofireImage.framework in Frameworks */,
				5880D37C22B4928700F40959 /* FirebaseCore.framework in Frameworks */,
				ABB34FFD4B8DD80A5EAA9C01 /* Pods_Otofuda_iOS.framework in Frameworks */,
			);
			runOnlyForDeploymentPostprocessing = 0;
		};
/* End PBXFrameworksBuildPhase section */

/* Begin PBXGroup section */
		54E6151815F6B8962458DCA0 /* Frameworks */ = {
			isa = PBXGroup;
			children = (
				F3225F0E2330B25400D9BD79 /* Alamofire.framework */,
				F3225F122330B25400D9BD79 /* AlamofireImage.framework */,
				F3225F112330B25400D9BD79 /* ObjectMapper.framework */,
				F3225F102330B25400D9BD79 /* PromiseKit.framework */,
				F3225F0F2330B25400D9BD79 /* SwiftyJSON.framework */,
				5880D37B22B4928700F40959 /* FirebaseCore.framework */,
				4F973746A2B06067E4EA3ABB /* Pods_Otofuda_iOS.framework */,
			);
			name = Frameworks;
			sourceTree = "<group>";
		};
		5884700422868D6200649B37 /* CreateGroup */ = {
			isa = PBXGroup;
			children = (
				589460F022855AAE00319032 /* CreateGroupVC.swift */,
			);
			path = CreateGroup;
			sourceTree = "<group>";
		};
		5884700522868D7400649B37 /* SearchGroup */ = {
			isa = PBXGroup;
			children = (
				589460F422855D9F00319032 /* SearchGroupVC.swift */,
				F3C21BBC232F73E400546D5B /* SearchGroupVC+AVCaptureDelegate.swift */,
				F3C21BBA232F738F00546D5B /* SearchGropuVC+Ex.swift */,
			);
			path = SearchGroup;
			sourceTree = "<group>";
		};
		589460C822852E9500319032 = {
			isa = PBXGroup;
			children = (
				589460D322852E9500319032 /* Otofuda-iOS */,
				589460D222852E9500319032 /* Products */,
				DF4B4C7A60863B6BDBCE3175 /* Pods */,
				54E6151815F6B8962458DCA0 /* Frameworks */,
			);
			sourceTree = "<group>";
		};
		589460D222852E9500319032 /* Products */ = {
			isa = PBXGroup;
			children = (
				589460D122852E9500319032 /* Otofuda-iOS.app */,
			);
			name = Products;
			sourceTree = "<group>";
		};
		589460D322852E9500319032 /* Otofuda-iOS */ = {
			isa = PBXGroup;
			children = (
				589460E622852F6400319032 /* resources */,
				589460E722852FEE00319032 /* src */,
			);
			path = "Otofuda-iOS";
			sourceTree = "<group>";
		};
		589460E622852F6400319032 /* resources */ = {
			isa = PBXGroup;
			children = (
				589460DB22852E9500319032 /* Assets.xcassets */,
				F3C21BB3232F6D8D00546D5B /* GoogleService-Info.plist */,
				589460E022852E9500319032 /* Info.plist */,
				F32B91A823320BF80031B062 /* tap_fuda.caf */,
			);
			path = resources;
			sourceTree = "<group>";
		};
		589460E722852FEE00319032 /* src */ = {
			isa = PBXGroup;
			children = (
				589460E82285328300319032 /* Common */,
				589460E92285362E00319032 /* Main */,
			);
			path = src;
			sourceTree = "<group>";
		};
		589460E82285328300319032 /* Common */ = {
			isa = PBXGroup;
			children = (
				589460D422852E9500319032 /* AppDelegate.swift */,
				589460F622867A4800319032 /* FirebaseManager.swift */,
				F3C21BBE232F808300546D5B /* Models */,
				F3C21BB5232F702800546D5B /* Extensions */,
			);
			path = Common;
			sourceTree = "<group>";
		};
		589460E92285362E00319032 /* Main */ = {
			isa = PBXGroup;
			children = (
				589460EC2285449100319032 /* Top */,
				F3E25FD9232F9FED00134769 /* Menu */,
				F3E25FCE232F9E3B00134769 /* Play */,
				F32B91AA233231E70031B062 /* Result */,
			);
			path = Main;
			sourceTree = "<group>";
		};
		589460EC2285449100319032 /* Top */ = {
			isa = PBXGroup;
			children = (
				589460EA2285367300319032 /* Top.storyboard */,
				589460D622852E9500319032 /* TopVC.swift */,
				5884700422868D6200649B37 /* CreateGroup */,
				5884700522868D7400649B37 /* SearchGroup */,
			);
			path = Top;
			sourceTree = "<group>";
		};
		DF4B4C7A60863B6BDBCE3175 /* Pods */ = {
			isa = PBXGroup;
			children = (
				1950F3B136AEAAC0B3CE5024 /* Pods-Otofuda-iOS.debug.xcconfig */,
				03555C36D7B3F6240EE0182C /* Pods-Otofuda-iOS.release.xcconfig */,
				39D95D0D2EA417A05FCACEDE /* Pods-Otofuda-iOS.debug.xcconfig */,
				404A2813DE2749B4D0EED308 /* Pods-Otofuda-iOS.release.xcconfig */,
			);
			path = Pods;
			sourceTree = "<group>";
		};
		F3225EFF2330AFD900D9BD79 /* iTunesPicker */ = {
			isa = PBXGroup;
			children = (
				F3225F012330AFE300D9BD79 /* iTunesPickerVC.swift */,
				F3225F022330AFE300D9BD79 /* iTunesPickerVC+Datasource.swift */,
				F3225F002330AFE200D9BD79 /* iTunesPickerVC+UICollectionViewDelegateFlowLayout.swift */,
				F3225F032330AFE300D9BD79 /* iTunesPicker+UISearchBarDelegate.swift */,
				F3225F082330AFF200D9BD79 /* iTunesPicker.storyboard */,
				F3225F0A2330B01D00D9BD79 /* SearchResultCell.swift */,
				F3225F0B2330B01D00D9BD79 /* SearchResultCell.xib */,
			);
			path = iTunesPicker;
			sourceTree = "<group>";
		};
		F32B91AA233231E70031B062 /* Result */ = {
			isa = PBXGroup;
			children = (
				F32B91AB233231FD0031B062 /* ResultVC.swift */,
				F32B91B92332434B0031B062 /* ResultVC+Ex.swift */,
				F32B91AD233232660031B062 /* ResultVC+UICollectionDelegate.swift */,
				F32B91AF233232730031B062 /* ResultVC+UICollectionDataSource.swift */,
				F32B91B1233233C00031B062 /* Result.storyboard */,
				F32B91B5233235900031B062 /* ResultTableCell.swift */,
				F32B91B3233235190031B062 /* ResultTableCell.xib */,
			);
			path = Result;
			sourceTree = "<group>";
		};
		F3C21BB5232F702800546D5B /* Extensions */ = {
			isa = PBXGroup;
			children = (
				F3C21BB6232F703C00546D5B /* String+Ex.swift */,
				F3C21BB8232F711300546D5B /* UIImage+Ex.swift */,
				F32B91FB23329A5C0031B062 /* IBDesignableView.swift */,
				F32B91BB23328B150031B062 /* IBDesignableButton.swift */,
				F32B91F7233298FD0031B062 /* IBDesignableSegumentControl.swift */,
				F32B91F9233299CC0031B062 /* IBDesignableTableView.swift */,
				F3E25FDF2330853900134769 /* UICollection+Ex.swift */,
				F3E25FE12330854D00134769 /* NSObject+Ex.swift */,
				F3E25FE32330856300134769 /* UITable+Ex.swift */,
				F3E25FED233090EC00134769 /* MPMediaPlayer+Ex.swift */,
				F3E25FF12330986000134769 /* MPMediaItem+Ex.swift */,
				F3E25FF32330997F00134769 /* MPMediaItemCollection+Ex.swift */,
			);
			path = Extensions;
			sourceTree = "<group>";
		};
		F3C21BBE232F808300546D5B /* Models */ = {
			isa = PBXGroup;
			children = (
				F3C21BBF232F809100546D5B /* Room.swift */,
				F3C21BC1232F80EF00546D5B /* User.swift */,
				F3C21BC3232F9C4F00546D5B /* Music.swift */,
				F3225EFB2330AFCA00D9BD79 /* iTunesAPIModel.swift */,
				F3225EFC2330AFCA00D9BD79 /* iTunesRSSModel.swift */,
			);
			path = Models;
			sourceTree = "<group>";
		};
		F3E25FCE232F9E3B00134769 /* Play */ = {
			isa = PBXGroup;
			children = (
				F3E25FD5232F9FD400134769 /* Play.storyboard */,
				F3E25FCF232F9E5200134769 /* PlayVC.swift */,
				F3E25FEB2330891600134769 /* PlayVC+Ex.swift */,
				F3E25FD1232F9F5700134769 /* PlayVC+UICollectionDelegate.swift */,
				F3E25FD3232F9F6600134769 /* PlayVC+UICollectionDataSource.swift */,
				F3E25FE92330874300134769 /* PlayVC+UICollectionLayout.swift */,
				F3E25FE5233085B600134769 /* FudaCollectionCell.xib */,
				F3E25FE7233085DF00134769 /* FudaCollectionCell.swift */,
			);
			path = Play;
			sourceTree = "<group>";
		};
		F3E25FD9232F9FED00134769 /* Menu */ = {
			isa = PBXGroup;
			children = (
				F3225EFF2330AFD900D9BD79 /* iTunesPicker */,
				F3E25FDA232F9FF800134769 /* Menu.storyboard */,
				F3E25FDC232FA00D00134769 /* MenuVC.swift */,
				F3E25FEF233096C500134769 /* MenuVC+MPMediaPickerDelegate.swift */,
				F3225EF32330AAFF00D9BD79 /* MenuVC+UITableDelegate.swift */,
				F3225EF52330AB2800D9BD79 /* MenuVC+UITableDataSource.swift */,
				F3225EF72330AC4100D9BD79 /* SelectMusicTableCell.xib */,
				F3225EF92330ACFD00D9BD79 /* SelectMusicTableCell.swift */,
			);
			path = Menu;
			sourceTree = "<group>";
		};
/* End PBXGroup section */

/* Begin PBXNativeTarget section */
		589460D022852E9500319032 /* Otofuda-iOS */ = {
			isa = PBXNativeTarget;
			buildConfigurationList = 589460E322852E9500319032 /* Build configuration list for PBXNativeTarget "Otofuda-iOS" */;
			buildPhases = (
				72E1837E0B9A4EA64C3F807C /* [CP] Check Pods Manifest.lock */,
				589460CD22852E9500319032 /* Sources */,
				589460CE22852E9500319032 /* Frameworks */,
				589460CF22852E9500319032 /* Resources */,
				787488BFDB152AFD921AF178 /* [CP] Embed Pods Frameworks */,
				F3225F182330B26200D9BD79 /* CopyFiles */,
				F3225F192330B26400D9BD79 /* ShellScript */,
			);
			buildRules = (
			);
			dependencies = (
			);
			name = "Otofuda-iOS";
			productName = "Otofuda-iOS";
			productReference = 589460D122852E9500319032 /* Otofuda-iOS.app */;
			productType = "com.apple.product-type.application";
		};
/* End PBXNativeTarget section */

/* Begin PBXProject section */
		589460C922852E9500319032 /* Project object */ = {
			isa = PBXProject;
			attributes = {
				LastSwiftUpdateCheck = 1020;
				LastUpgradeCheck = 1020;
				ORGANIZATIONNAME = "nkmr-lab";
				TargetAttributes = {
					589460D022852E9500319032 = {
						CreatedOnToolsVersion = 10.2.1;
					};
				};
			};
			buildConfigurationList = 589460CC22852E9500319032 /* Build configuration list for PBXProject "Otofuda-iOS" */;
			compatibilityVersion = "Xcode 9.3";
			developmentRegion = en;
			hasScannedForEncodings = 0;
			knownRegions = (
				en,
				Base,
			);
			mainGroup = 589460C822852E9500319032;
			productRefGroup = 589460D222852E9500319032 /* Products */;
			projectDirPath = "";
			projectRoot = "";
			targets = (
				589460D022852E9500319032 /* Otofuda-iOS */,
			);
		};
/* End PBXProject section */

/* Begin PBXResourcesBuildPhase section */
		589460CF22852E9500319032 /* Resources */ = {
			isa = PBXResourcesBuildPhase;
			buildActionMask = 2147483647;
			files = (
				F32B91A923320BF80031B062 /* tap_fuda.caf in Resources */,
				F3E25FE6233085B600134769 /* FudaCollectionCell.xib in Resources */,
				F3E25FDB232F9FF800134769 /* Menu.storyboard in Resources */,
				F32B91B2233233C00031B062 /* Result.storyboard in Resources */,
				F3225F092330AFF300D9BD79 /* iTunesPicker.storyboard in Resources */,
				F3E25FD6232F9FD400134769 /* Play.storyboard in Resources */,
				F3225F0D2330B01D00D9BD79 /* SearchResultCell.xib in Resources */,
				F32B91B4233235190031B062 /* ResultTableCell.xib in Resources */,
				589460DC22852E9500319032 /* Assets.xcassets in Resources */,
				589460EB2285367300319032 /* Top.storyboard in Resources */,
				F3225EF82330AC4100D9BD79 /* SelectMusicTableCell.xib in Resources */,
				F3C21BB4232F6D8D00546D5B /* GoogleService-Info.plist in Resources */,
			);
			runOnlyForDeploymentPostprocessing = 0;
		};
/* End PBXResourcesBuildPhase section */

/* Begin PBXShellScriptBuildPhase section */
		72E1837E0B9A4EA64C3F807C /* [CP] Check Pods Manifest.lock */ = {
			isa = PBXShellScriptBuildPhase;
			buildActionMask = 2147483647;
			files = (
			);
			inputFileListPaths = (
			);
			inputPaths = (
				"${PODS_PODFILE_DIR_PATH}/Podfile.lock",
				"${PODS_ROOT}/Manifest.lock",
			);
			name = "[CP] Check Pods Manifest.lock";
			outputFileListPaths = (
			);
			outputPaths = (
				"$(DERIVED_FILE_DIR)/Pods-Otofuda-iOS-checkManifestLockResult.txt",
			);
			runOnlyForDeploymentPostprocessing = 0;
			shellPath = /bin/sh;
			shellScript = "diff \"${PODS_PODFILE_DIR_PATH}/Podfile.lock\" \"${PODS_ROOT}/Manifest.lock\" > /dev/null\nif [ $? != 0 ] ; then\n    # print error to STDERR\n    echo \"error: The sandbox is not in sync with the Podfile.lock. Run 'pod install' or update your CocoaPods installation.\" >&2\n    exit 1\nfi\n# This output is used by Xcode 'outputs' to avoid re-running this script phase.\necho \"SUCCESS\" > \"${SCRIPT_OUTPUT_FILE_0}\"\n";
			showEnvVarsInLog = 0;
		};
		787488BFDB152AFD921AF178 /* [CP] Embed Pods Frameworks */ = {
			isa = PBXShellScriptBuildPhase;
			buildActionMask = 2147483647;
			files = (
			);
			inputFileListPaths = (
				"${PODS_ROOT}/Target Support Files/Pods-Otofuda-iOS/Pods-Otofuda-iOS-frameworks-${CONFIGURATION}-input-files.xcfilelist",
			);
			name = "[CP] Embed Pods Frameworks";
			outputFileListPaths = (
				"${PODS_ROOT}/Target Support Files/Pods-Otofuda-iOS/Pods-Otofuda-iOS-frameworks-${CONFIGURATION}-output-files.xcfilelist",
			);
			runOnlyForDeploymentPostprocessing = 0;
			shellPath = /bin/sh;
			shellScript = "\"${PODS_ROOT}/Target Support Files/Pods-Otofuda-iOS/Pods-Otofuda-iOS-frameworks.sh\"\n";
			showEnvVarsInLog = 0;
		};
		F3225F192330B26400D9BD79 /* ShellScript */ = {
			isa = PBXShellScriptBuildPhase;
			buildActionMask = 2147483647;
			files = (
			);
			inputFileListPaths = (
			);
			inputPaths = (
				"$(SRCROOT)/Carthage/Build/iOS/SwiftyJSON.framework",
				"$(SRCROOT)/Carthage/Build/iOS/PromiseKit.framework",
				"$(SRCROOT)/Carthage/Build/iOS/ObjectMapper.framework",
				"$(SRCROOT)/Carthage/Build/iOS/SwiftyJSON.framework",
				"$(SRCROOT)/Carthage/Build/iOS/Alamofire.framework",
				"$(SRCROOT)/Carthage/Build/iOS/AlamofireImage.framework",
			);
			outputFileListPaths = (
			);
			outputPaths = (
			);
			runOnlyForDeploymentPostprocessing = 0;
			shellPath = /bin/sh;
			shellScript = "/usr/local/bin/carthage copy-frameworks\n";
		};
/* End PBXShellScriptBuildPhase section */

/* Begin PBXSourcesBuildPhase section */
		589460CD22852E9500319032 /* Sources */ = {
			isa = PBXSourcesBuildPhase;
			buildActionMask = 2147483647;
			files = (
				F3E25FF42330997F00134769 /* MPMediaItemCollection+Ex.swift in Sources */,
				F3E25FD2232F9F5700134769 /* PlayVC+UICollectionDelegate.swift in Sources */,
				589460F522855D9F00319032 /* SearchGroupVC.swift in Sources */,
				F3C21BC4232F9C4F00546D5B /* Music.swift in Sources */,
				F3225F072330AFE300D9BD79 /* iTunesPicker+UISearchBarDelegate.swift in Sources */,
				F3E25FEE233090EC00134769 /* MPMediaPlayer+Ex.swift in Sources */,
				F3225F0C2330B01D00D9BD79 /* SearchResultCell.swift in Sources */,
				F3E25FF22330986000134769 /* MPMediaItem+Ex.swift in Sources */,
				F3225F052330AFE300D9BD79 /* iTunesPickerVC.swift in Sources */,
				589460D722852E9500319032 /* TopVC.swift in Sources */,
				F32B91FC23329A5C0031B062 /* IBDesignableView.swift in Sources */,
				F3E25FE02330853900134769 /* UICollection+Ex.swift in Sources */,
				F3225EFA2330ACFD00D9BD79 /* SelectMusicTableCell.swift in Sources */,
				F32B91B0233232730031B062 /* ResultVC+UICollectionDataSource.swift in Sources */,
				F3E25FDD232FA00D00134769 /* MenuVC.swift in Sources */,
				F3225F062330AFE300D9BD79 /* iTunesPickerVC+Datasource.swift in Sources */,
				F3225EF42330AAFF00D9BD79 /* MenuVC+UITableDelegate.swift in Sources */,
				F3E25FEC2330891600134769 /* PlayVC+Ex.swift in Sources */,
				F3C21BB7232F703C00546D5B /* String+Ex.swift in Sources */,
				F3E25FD4232F9F6600134769 /* PlayVC+UICollectionDataSource.swift in Sources */,
				F32B91AE233232660031B062 /* ResultVC+UICollectionDelegate.swift in Sources */,
				F3E25FD0232F9E5200134769 /* PlayVC.swift in Sources */,
				F3225F042330AFE300D9BD79 /* iTunesPickerVC+UICollectionViewDelegateFlowLayout.swift in Sources */,
				F32B91FA233299CC0031B062 /* IBDesignableTableView.swift in Sources */,
				F3C21BBD232F73E400546D5B /* SearchGroupVC+AVCaptureDelegate.swift in Sources */,
				F3225EFE2330AFCA00D9BD79 /* iTunesRSSModel.swift in Sources */,
				F32B91F8233298FD0031B062 /* IBDesignableSegumentControl.swift in Sources */,
				589460F722867A4800319032 /* FirebaseManager.swift in Sources */,
				F3225EFD2330AFCA00D9BD79 /* iTunesAPIModel.swift in Sources */,
				F3C21BB9232F711300546D5B /* UIImage+Ex.swift in Sources */,
				F3C21BBB232F738F00546D5B /* SearchGropuVC+Ex.swift in Sources */,
				F3C21BC2232F80EF00546D5B /* User.swift in Sources */,
				589460D522852E9500319032 /* AppDelegate.swift in Sources */,
				F3E25FEA2330874300134769 /* PlayVC+UICollectionLayout.swift in Sources */,
				F32B91B6233235900031B062 /* ResultTableCell.swift in Sources */,
				589460F122855AAE00319032 /* CreateGroupVC.swift in Sources */,
				F3E25FF0233096C500134769 /* MenuVC+MPMediaPickerDelegate.swift in Sources */,
				F32B91AC233231FD0031B062 /* ResultVC.swift in Sources */,
				F3E25FE8233085DF00134769 /* FudaCollectionCell.swift in Sources */,
				F32B91BA2332434B0031B062 /* ResultVC+Ex.swift in Sources */,
				F3E25FE42330856300134769 /* UITable+Ex.swift in Sources */,
				F3C21BC0232F809100546D5B /* Room.swift in Sources */,
				F3E25FE22330854D00134769 /* NSObject+Ex.swift in Sources */,
				F3225EF62330AB2800D9BD79 /* MenuVC+UITableDataSource.swift in Sources */,
				F32B91BC23328B150031B062 /* IBDesignableButton.swift in Sources */,
			);
			runOnlyForDeploymentPostprocessing = 0;
		};
/* End PBXSourcesBuildPhase section */

/* Begin XCBuildConfiguration section */
		589460E122852E9500319032 /* Debug */ = {
			isa = XCBuildConfiguration;
			buildSettings = {
				ALWAYS_SEARCH_USER_PATHS = NO;
				CLANG_ANALYZER_NONNULL = YES;
				CLANG_ANALYZER_NUMBER_OBJECT_CONVERSION = YES_AGGRESSIVE;
				CLANG_CXX_LANGUAGE_STANDARD = "gnu++14";
				CLANG_CXX_LIBRARY = "libc++";
				CLANG_ENABLE_MODULES = YES;
				CLANG_ENABLE_OBJC_ARC = YES;
				CLANG_ENABLE_OBJC_WEAK = YES;
				CLANG_WARN_BLOCK_CAPTURE_AUTORELEASING = YES;
				CLANG_WARN_BOOL_CONVERSION = YES;
				CLANG_WARN_COMMA = YES;
				CLANG_WARN_CONSTANT_CONVERSION = YES;
				CLANG_WARN_DEPRECATED_OBJC_IMPLEMENTATIONS = YES;
				CLANG_WARN_DIRECT_OBJC_ISA_USAGE = YES_ERROR;
				CLANG_WARN_DOCUMENTATION_COMMENTS = YES;
				CLANG_WARN_EMPTY_BODY = YES;
				CLANG_WARN_ENUM_CONVERSION = YES;
				CLANG_WARN_INFINITE_RECURSION = YES;
				CLANG_WARN_INT_CONVERSION = YES;
				CLANG_WARN_NON_LITERAL_NULL_CONVERSION = YES;
				CLANG_WARN_OBJC_IMPLICIT_RETAIN_SELF = YES;
				CLANG_WARN_OBJC_LITERAL_CONVERSION = YES;
				CLANG_WARN_OBJC_ROOT_CLASS = YES_ERROR;
				CLANG_WARN_RANGE_LOOP_ANALYSIS = YES;
				CLANG_WARN_STRICT_PROTOTYPES = YES;
				CLANG_WARN_SUSPICIOUS_MOVE = YES;
				CLANG_WARN_UNGUARDED_AVAILABILITY = YES_AGGRESSIVE;
				CLANG_WARN_UNREACHABLE_CODE = YES;
				CLANG_WARN__DUPLICATE_METHOD_MATCH = YES;
				CODE_SIGN_IDENTITY = "iPhone Developer";
				COPY_PHASE_STRIP = NO;
				DEBUG_INFORMATION_FORMAT = dwarf;
				ENABLE_STRICT_OBJC_MSGSEND = YES;
				ENABLE_TESTABILITY = YES;
				GCC_C_LANGUAGE_STANDARD = gnu11;
				GCC_DYNAMIC_NO_PIC = NO;
				GCC_NO_COMMON_BLOCKS = YES;
				GCC_OPTIMIZATION_LEVEL = 0;
				GCC_PREPROCESSOR_DEFINITIONS = (
					"DEBUG=1",
					"$(inherited)",
				);
				GCC_WARN_64_TO_32_BIT_CONVERSION = YES;
				GCC_WARN_ABOUT_RETURN_TYPE = YES_ERROR;
				GCC_WARN_UNDECLARED_SELECTOR = YES;
				GCC_WARN_UNINITIALIZED_AUTOS = YES_AGGRESSIVE;
				GCC_WARN_UNUSED_FUNCTION = YES;
				GCC_WARN_UNUSED_VARIABLE = YES;
				IPHONEOS_DEPLOYMENT_TARGET = 12.2;
				MTL_ENABLE_DEBUG_INFO = INCLUDE_SOURCE;
				MTL_FAST_MATH = YES;
				ONLY_ACTIVE_ARCH = NO;
				SDKROOT = iphoneos;
				SWIFT_ACTIVE_COMPILATION_CONDITIONS = DEBUG;
				SWIFT_OPTIMIZATION_LEVEL = "-Onone";
			};
			name = Debug;
		};
		589460E222852E9500319032 /* Release */ = {
			isa = XCBuildConfiguration;
			buildSettings = {
				ALWAYS_SEARCH_USER_PATHS = NO;
				CLANG_ANALYZER_NONNULL = YES;
				CLANG_ANALYZER_NUMBER_OBJECT_CONVERSION = YES_AGGRESSIVE;
				CLANG_CXX_LANGUAGE_STANDARD = "gnu++14";
				CLANG_CXX_LIBRARY = "libc++";
				CLANG_ENABLE_MODULES = YES;
				CLANG_ENABLE_OBJC_ARC = YES;
				CLANG_ENABLE_OBJC_WEAK = YES;
				CLANG_WARN_BLOCK_CAPTURE_AUTORELEASING = YES;
				CLANG_WARN_BOOL_CONVERSION = YES;
				CLANG_WARN_COMMA = YES;
				CLANG_WARN_CONSTANT_CONVERSION = YES;
				CLANG_WARN_DEPRECATED_OBJC_IMPLEMENTATIONS = YES;
				CLANG_WARN_DIRECT_OBJC_ISA_USAGE = YES_ERROR;
				CLANG_WARN_DOCUMENTATION_COMMENTS = YES;
				CLANG_WARN_EMPTY_BODY = YES;
				CLANG_WARN_ENUM_CONVERSION = YES;
				CLANG_WARN_INFINITE_RECURSION = YES;
				CLANG_WARN_INT_CONVERSION = YES;
				CLANG_WARN_NON_LITERAL_NULL_CONVERSION = YES;
				CLANG_WARN_OBJC_IMPLICIT_RETAIN_SELF = YES;
				CLANG_WARN_OBJC_LITERAL_CONVERSION = YES;
				CLANG_WARN_OBJC_ROOT_CLASS = YES_ERROR;
				CLANG_WARN_RANGE_LOOP_ANALYSIS = YES;
				CLANG_WARN_STRICT_PROTOTYPES = YES;
				CLANG_WARN_SUSPICIOUS_MOVE = YES;
				CLANG_WARN_UNGUARDED_AVAILABILITY = YES_AGGRESSIVE;
				CLANG_WARN_UNREACHABLE_CODE = YES;
				CLANG_WARN__DUPLICATE_METHOD_MATCH = YES;
				CODE_SIGN_IDENTITY = "iPhone Developer";
				COPY_PHASE_STRIP = NO;
				DEBUG_INFORMATION_FORMAT = "dwarf-with-dsym";
				ENABLE_NS_ASSERTIONS = NO;
				ENABLE_STRICT_OBJC_MSGSEND = YES;
				GCC_C_LANGUAGE_STANDARD = gnu11;
				GCC_NO_COMMON_BLOCKS = YES;
				GCC_WARN_64_TO_32_BIT_CONVERSION = YES;
				GCC_WARN_ABOUT_RETURN_TYPE = YES_ERROR;
				GCC_WARN_UNDECLARED_SELECTOR = YES;
				GCC_WARN_UNINITIALIZED_AUTOS = YES_AGGRESSIVE;
				GCC_WARN_UNUSED_FUNCTION = YES;
				GCC_WARN_UNUSED_VARIABLE = YES;
				IPHONEOS_DEPLOYMENT_TARGET = 12.2;
				MTL_ENABLE_DEBUG_INFO = NO;
				MTL_FAST_MATH = YES;
				ONLY_ACTIVE_ARCH = NO;
				SDKROOT = iphoneos;
				SWIFT_COMPILATION_MODE = wholemodule;
				SWIFT_OPTIMIZATION_LEVEL = "-O";
				VALIDATE_PRODUCT = YES;
			};
			name = Release;
		};
		589460E422852E9500319032 /* Debug */ = {
			isa = XCBuildConfiguration;
			baseConfigurationReference = 1950F3B136AEAAC0B3CE5024 /* Pods-Otofuda-iOS.debug.xcconfig */;
			buildSettings = {
				ASSETCATALOG_COMPILER_APPICON_NAME = AppIcon;
				CODE_SIGN_STYLE = Automatic;
				DEVELOPMENT_TEAM = S26A4W8VSZ;
				FRAMEWORK_SEARCH_PATHS = (
					"$(inherited)",
					"\"${PODS_CONFIGURATION_BUILD_DIR}/FirebaseCore\"",
					"\"${PODS_CONFIGURATION_BUILD_DIR}/FirebaseDatabase\"",
					"\"${PODS_CONFIGURATION_BUILD_DIR}/FirebaseInstanceID\"",
					"\"${PODS_CONFIGURATION_BUILD_DIR}/GoogleUtilities\"",
					"\"${PODS_CONFIGURATION_BUILD_DIR}/RxSwift\"",
					"\"${PODS_CONFIGURATION_BUILD_DIR}/leveldb-library\"",
					"\"${PODS_CONFIGURATION_BUILD_DIR}/nanopb\"",
					"\"${PODS_ROOT}/FirebaseAnalytics/Frameworks\"",
					"\"${PODS_ROOT}/GoogleAppMeasurement/Frameworks\"",
					"$(PROJECT_DIR)/Pods",
					"$(PROJECT_DIR)/Carthage/Build/iOS",
				);
				INFOPLIST_FILE = "$(SRCROOT)/Otofuda-iOS/resources/Info.plist";
				LD_RUNPATH_SEARCH_PATHS = (
					"$(inherited)",
					"@executable_path/Frameworks",
				);
				PRODUCT_BUNDLE_IDENTIFIER = "nkmr-lab.Otofuda-iOS";
				PRODUCT_NAME = "$(TARGET_NAME)";
				SWIFT_VERSION = 5.0;
				TARGETED_DEVICE_FAMILY = "1,2";
			};
			name = Debug;
		};
		589460E522852E9500319032 /* Release */ = {
			isa = XCBuildConfiguration;
			baseConfigurationReference = 03555C36D7B3F6240EE0182C /* Pods-Otofuda-iOS.release.xcconfig */;
			buildSettings = {
				ASSETCATALOG_COMPILER_APPICON_NAME = AppIcon;
				CODE_SIGN_STYLE = Automatic;
				DEVELOPMENT_TEAM = S26A4W8VSZ;
				FRAMEWORK_SEARCH_PATHS = (
					"$(inherited)",
					"$(PROJECT_DIR)/Carthage/Build/iOS",
				);
				INFOPLIST_FILE = "$(SRCROOT)/Otofuda-iOS/resources/Info.plist";
				LD_RUNPATH_SEARCH_PATHS = (
					"$(inherited)",
					"@executable_path/Frameworks",
				);
				PRODUCT_BUNDLE_IDENTIFIER = "nkmr-lab.Otofuda-iOS";
				PRODUCT_NAME = "$(TARGET_NAME)";
				SWIFT_VERSION = 5.0;
				TARGETED_DEVICE_FAMILY = "1,2";
			};
			name = Release;
		};
/* End XCBuildConfiguration section */

/* Begin XCConfigurationList section */
		589460CC22852E9500319032 /* Build configuration list for PBXProject "Otofuda-iOS" */ = {
			isa = XCConfigurationList;
			buildConfigurations = (
				589460E122852E9500319032 /* Debug */,
				589460E222852E9500319032 /* Release */,
			);
			defaultConfigurationIsVisible = 0;
			defaultConfigurationName = Release;
		};
		589460E322852E9500319032 /* Build configuration list for PBXNativeTarget "Otofuda-iOS" */ = {
			isa = XCConfigurationList;
			buildConfigurations = (
				589460E422852E9500319032 /* Debug */,
				589460E522852E9500319032 /* Release */,
			);
			defaultConfigurationIsVisible = 0;
			defaultConfigurationName = Release;
		};
/* End XCConfigurationList section */
	};
	rootObject = 589460C922852E9500319032 /* Project object */;
}
